
Microsoft Visual Studio Solution File, Format Version 12.00
# Visual Studio Version 16
VisualStudioVersion = 16.0.31515.178
MinimumVisualStudioVersion = 10.0.40219.1
Project("{9A19103F-16F7-4668-BE54-9A1E7A4F7556}") = "NanoVG.NET", "NanoVG.NET\NanoVG.NET.csproj", "{F774E02D-F891-481B-B4AD-709C6A0EECFA}"
	ProjectSection(ProjectDependencies) = postProject
		{0D1CF081-185F-424F-9D82-6D459EE465F8} = {0D1CF081-185F-424F-9D82-6D459EE465F8}
	EndProjectSection
EndProject
Project("{8BC9CEB8-8B4A-11D0-8D11-00A0C91BC942}") = "NanoVG.Native", "NanoVG.Native\NanoVG.Native.vcxproj", "{0D1CF081-185F-424F-9D82-6D459EE465F8}"
	ProjectSection(ProjectDependencies) = postProject
		{363756D7-CA1B-4870-AD45-A2AAD3A6A9FB} = {363756D7-CA1B-4870-AD45-A2AAD3A6A9FB}
	EndProjectSection
EndProject
Project("{9A19103F-16F7-4668-BE54-9A1E7A4F7556}") = "Generator", "Generator\Generator.csproj", "{363756D7-CA1B-4870-AD45-A2AAD3A6A9FB}"
EndProject
Project("{9A19103F-16F7-4668-BE54-9A1E7A4F7556}") = "Test", "Test\Test.csproj", "{90C6EC8D-BF79-4D14-A069-6C198817D636}"
EndProject
Global
	GlobalSection(SolutionConfigurationPlatforms) = preSolution
		Debug|Any CPU = Debug|Any CPU
		Debug|x64 = Debug|x64
		Debug|x86 = Debug|x86
		Release|Any CPU = Release|Any CPU
		Release|x64 = Release|x64
		Release|x86 = Release|x86
	EndGlobalSection
	GlobalSection(ProjectConfigurationPlatforms) = postSolution
		{F774E02D-F891-481B-B4AD-709C6A0EECFA}.Debug|Any CPU.ActiveCfg = Debug|Any CPU
		{F774E02D-F891-481B-B4AD-709C6A0EECFA}.Debug|Any CPU.Build.0 = Debug|Any CPU
		{F774E02D-F891-481B-B4AD-709C6A0EECFA}.Debug|x64.ActiveCfg = Debug|Any CPU
		{F774E02D-F891-481B-B4AD-709C6A0EECFA}.Debug|x64.Build.0 = Debug|Any CPU
		{F774E02D-F891-481B-B4AD-709C6A0EECFA}.Debug|x86.ActiveCfg = Debug|Any CPU
		{F774E02D-F891-481B-B4AD-709C6A0EECFA}.Debug|x86.Build.0 = Debug|Any CPU
		{F774E02D-F891-481B-B4AD-709C6A0EECFA}.Release|Any CPU.ActiveCfg = Release|Any CPU
		{F774E02D-F891-481B-B4AD-709C6A0EECFA}.Release|Any CPU.Build.0 = Release|Any CPU
		{F774E02D-F891-481B-B4AD-709C6A0EECFA}.Release|x64.ActiveCfg = Release|Any CPU
		{F774E02D-F891-481B-B4AD-709C6A0EECFA}.Release|x64.Build.0 = Release|Any CPU
		{F774E02D-F891-481B-B4AD-709C6A0EECFA}.Release|x86.ActiveCfg = Release|Any CPU
		{F774E02D-F891-481B-B4AD-709C6A0EECFA}.Release|x86.Build.0 = Release|Any CPU
		{0D1CF081-185F-424F-9D82-6D459EE465F8}.Debug|Any CPU.ActiveCfg = Debug|Win32
		{0D1CF081-185F-424F-9D82-6D459EE465F8}.Debug|x64.ActiveCfg = Debug|x64
		{0D1CF081-185F-424F-9D82-6D459EE465F8}.Debug|x64.Build.0 = Debug|x64
		{0D1CF081-185F-424F-9D82-6D459EE465F8}.Debug|x86.ActiveCfg = Debug|Win32
		{0D1CF081-185F-424F-9D82-6D459EE465F8}.Debug|x86.Build.0 = Debug|Win32
		{0D1CF081-185F-424F-9D82-6D459EE465F8}.Release|Any CPU.ActiveCfg = Release|Win32
		{0D1CF081-185F-424F-9D82-6D459EE465F8}.Release|Any CPU.Build.0 = Release|Win32
		{0D1CF081-185F-424F-9D82-6D459EE465F8}.Release|x64.ActiveCfg = Release|x64
		{0D1CF081-185F-424F-9D82-6D459EE465F8}.Release|x64.Build.0 = Release|x64
		{0D1CF081-185F-424F-9D82-6D459EE465F8}.Release|x86.ActiveCfg = Release|Win32
		{0D1CF081-185F-424F-9D82-6D459EE465F8}.Release|x86.Build.0 = Release|Win32
		{363756D7-CA1B-4870-AD45-A2AAD3A6A9FB}.Debug|Any CPU.ActiveCfg = Debug|Any CPU
		{363756D7-CA1B-4870-AD45-A2AAD3A6A9FB}.Debug|Any CPU.Build.0 = Debug|Any CPU
		{363756D7-CA1B-4870-AD45-A2AAD3A6A9FB}.Debug|x64.ActiveCfg = Debug|Any CPU
		{363756D7-CA1B-4870-AD45-A2AAD3A6A9FB}.Debug|x64.Build.0 = Debug|Any CPU
		{363756D7-CA1B-4870-AD45-A2AAD3A6A9FB}.Debug|x86.ActiveCfg = Debug|Any CPU
		{363756D7-CA1B-4870-AD45-A2AAD3A6A9FB}.Debug|x86.Build.0 = Debug|Any CPU
		{363756D7-CA1B-4870-AD45-A2AAD3A6A9FB}.Release|Any CPU.ActiveCfg = Release|Any CPU
		{363756D7-CA1B-4870-AD45-A2AAD3A6A9FB}.Release|Any CPU.Build.0 = Release|Any CPU
		{363756D7-CA1B-4870-AD45-A2AAD3A6A9FB}.Release|x64.ActiveCfg = Release|Any CPU
		{363756D7-CA1B-4870-AD45-A2AAD3A6A9FB}.Release|x64.Build.0 = Release|Any CPU
		{363756D7-CA1B-4870-AD45-A2AAD3A6A9FB}.Release|x86.ActiveCfg = Release|Any CPU
		{363756D7-CA1B-4870-AD45-A2AAD3A6A9FB}.Release|x86.Build.0 = Release|Any CPU
		{90C6EC8D-BF79-4D14-A069-6C198817D636}.Debug|Any CPU.ActiveCfg = Debug|x86
		{90C6EC8D-BF79-4D14-A069-6C198817D636}.Debug|Any CPU.Build.0 = Debug|x86
		{90C6EC8D-BF79-4D14-A069-6C198817D636}.Debug|x64.ActiveCfg = Debug|Any CPU
		{90C6EC8D-BF79-4D14-A069-6C198817D636}.Debug|x64.Build.0 = Debug|Any CPU
		{90C6EC8D-BF79-4D14-A069-6C198817D636}.Debug|x86.ActiveCfg = Debug|Any CPU
		{90C6EC8D-BF79-4D14-A069-6C198817D636}.Debug|x86.Build.0 = Debug|Any CPU
		{90C6EC8D-BF79-4D14-A069-6C198817D636}.Release|Any CPU.ActiveCfg = Release|x86
		{90C6EC8D-BF79-4D14-A069-6C198817D636}.Release|Any CPU.Build.0 = Release|x86
		{90C6EC8D-BF79-4D14-A069-6C198817D636}.Release|x64.ActiveCfg = Release|x86
		{90C6EC8D-BF79-4D14-A069-6C198817D636}.Release|x64.Build.0 = Release|x86
		{90C6EC8D-BF79-4D14-A069-6C198817D636}.Release|x86.ActiveCfg = Release|x86
		{90C6EC8D-BF79-4D14-A069-6C198817D636}.Release|x86.Build.0 = Release|x86
	EndGlobalSection
	GlobalSection(SolutionProperties) = preSolution
		HideSolutionNode = FALSE
	EndGlobalSection
	GlobalSection(ExtensibilityGlobals) = postSolution
		SolutionGuid = {D3C42E98-7958-415A-8D2C-BDDD29F01DE2}
	EndGlobalSection
EndGlobal
